{
  "version": 4,
  "terraform_version": "1.5.7",
  "serial": 10,
  "lineage": "5706a936-04f3-a5b8-e0bd-9d645fc68cbd",
  "outputs": {
    "kubernetes_cluster_host": {
      "value": "34.34.221.139",
      "type": "string"
    },
    "kubernetes_cluster_name": {
      "value": "devops-test-361018-gke",
      "type": "string"
    },
    "project_id": {
      "value": "devops-test-361018",
      "type": "string"
    },
    "region": {
      "value": "asia-southeast2-a",
      "type": "string"
    }
  },
  "resources": [
    {
      "mode": "data",
      "type": "google_container_engine_versions",
      "name": "gke_version",
      "provider": "provider[\"registry.terraform.io/hashicorp/google\"]",
      "instances": [
        {
          "schema_version": 0,
          "attributes": {
            "default_cluster_version": "1.28.7-gke.1026000",
            "id": "2024-05-14 14:09:27.260694712 +0000 UTC",
            "latest_master_version": "1.27.13-gke.1166000",
            "latest_node_version": "1.27.13-gke.1166000",
            "location": "asia-southeast2-a",
            "project": null,
            "release_channel_default_version": {
              "RAPID": "1.29.3-gke.1282001",
              "REGULAR": "1.28.7-gke.1026000",
              "STABLE": "1.27.11-gke.1062001"
            },
            "release_channel_latest_version": {
              "RAPID": "1.27.13-gke.1166000",
              "REGULAR": "1.27.12-gke.1115000",
              "STABLE": "1.27.11-gke.1062003"
            },
            "valid_master_versions": [
              "1.27.13-gke.1166000",
              "1.27.13-gke.1000000",
              "1.27.12-gke.1115000",
              "1.27.11-gke.1062003",
              "1.27.11-gke.1062001",
              "1.27.11-gke.1062000",
              "1.27.8-gke.1067004"
            ],
            "valid_node_versions": [
              "1.27.13-gke.1166000",
              "1.27.13-gke.1070000",
              "1.27.13-gke.1000000",
              "1.27.12-gke.1190000",
              "1.27.12-gke.1115000",
              "1.27.11-gke.1202000",
              "1.27.11-gke.1118000",
              "1.27.11-gke.1062003",
              "1.27.11-gke.1062001",
              "1.27.11-gke.1062000",
              "1.27.11-gke.1018000",
              "1.27.10-gke.1207000",
              "1.27.10-gke.1152000",
              "1.27.10-gke.1055000",
              "1.27.9-gke.1092000",
              "1.27.8-gke.1067004",
              "1.27.8-gke.1067000",
              "1.27.7-gke.1293000",
              "1.27.7-gke.1121002",
              "1.27.7-gke.1121000",
              "1.27.7-gke.1088000",
              "1.27.7-gke.1056000",
              "1.27.7-gke.1038000",
              "1.27.6-gke.1506000",
              "1.27.6-gke.1445000",
              "1.27.6-gke.1248000",
              "1.27.5-gke.200",
              "1.27.4-gke.900",
              "1.27.3-gke.1700",
              "1.27.3-gke.100",
              "1.27.2-gke.2100",
              "1.27.2-gke.1200"
            ],
            "version_prefix": "1.27."
          },
          "sensitive_attributes": []
        }
      ]
    },
    {
      "mode": "managed",
      "type": "google_compute_network",
      "name": "vpc",
      "provider": "provider[\"registry.terraform.io/hashicorp/google\"]",
      "instances": [
        {
          "schema_version": 0,
          "attributes": {
            "auto_create_subnetworks": false,
            "delete_default_routes_on_create": false,
            "description": "",
            "enable_ula_internal_ipv6": false,
            "gateway_ipv4": "",
            "id": "projects/devops-test-361018/global/networks/devops-test-361018-vpc",
            "internal_ipv6_range": "",
            "mtu": 0,
            "name": "devops-test-361018-vpc",
            "network_firewall_policy_enforcement_order": "AFTER_CLASSIC_FIREWALL",
            "project": "devops-test-361018",
            "routing_mode": "REGIONAL",
            "self_link": "https://www.googleapis.com/compute/v1/projects/devops-test-361018/global/networks/devops-test-361018-vpc",
            "timeouts": null
          },
          "sensitive_attributes": [],
          "private": "eyJlMmJmYjczMC1lY2FhLTExZTYtOGY4OC0zNDM2M2JjN2M0YzAiOnsiY3JlYXRlIjoxMjAwMDAwMDAwMDAwLCJkZWxldGUiOjEyMDAwMDAwMDAwMDAsInVwZGF0ZSI6MTIwMDAwMDAwMDAwMH19"
        }
      ]
    }
  ],
  "check_results": null
}
