{
  "version": 4,
  "terraform_version": "1.5.7",
  "serial": 14,
  "lineage": "5706a936-04f3-a5b8-e0bd-9d645fc68cbd",
  "outputs": {
    "kubernetes_cluster_host": {
      "value": "34.101.199.215",
      "type": "string"
    },
    "kubernetes_cluster_name": {
      "value": "devops-test-361018-gke",
      "type": "string"
    },
    "project_id": {
      "value": "devops-test-361018",
      "type": "string"
    },
    "region": {
      "value": "asia-southeast2-a",
      "type": "string"
    }
  },
  "resources": [
    {
      "mode": "data",
      "type": "google_container_engine_versions",
      "name": "gke_version",
      "provider": "provider[\"registry.terraform.io/hashicorp/google\"]",
      "instances": [
        {
          "schema_version": 0,
          "attributes": {
            "default_cluster_version": "1.28.7-gke.1026000",
            "id": "2024-05-14 14:35:27.465921669 +0000 UTC",
            "latest_master_version": "1.27.13-gke.1166000",
            "latest_node_version": "1.27.13-gke.1166000",
            "location": "asia-southeast2-a",
            "project": null,
            "release_channel_default_version": {
              "RAPID": "1.29.3-gke.1282001",
              "REGULAR": "1.28.7-gke.1026000",
              "STABLE": "1.27.11-gke.1062001"
            },
            "release_channel_latest_version": {
              "RAPID": "1.27.13-gke.1166000",
              "REGULAR": "1.27.12-gke.1115000",
              "STABLE": "1.27.11-gke.1062003"
            },
            "valid_master_versions": [
              "1.27.13-gke.1166000",
              "1.27.13-gke.1000000",
              "1.27.12-gke.1115000",
              "1.27.11-gke.1062003",
              "1.27.11-gke.1062001",
              "1.27.11-gke.1062000",
              "1.27.8-gke.1067004"
            ],
            "valid_node_versions": [
              "1.27.13-gke.1166000",
              "1.27.13-gke.1070000",
              "1.27.13-gke.1000000",
              "1.27.12-gke.1190000",
              "1.27.12-gke.1115000",
              "1.27.11-gke.1202000",
              "1.27.11-gke.1118000",
              "1.27.11-gke.1062003",
              "1.27.11-gke.1062001",
              "1.27.11-gke.1062000",
              "1.27.11-gke.1018000",
              "1.27.10-gke.1207000",
              "1.27.10-gke.1152000",
              "1.27.10-gke.1055000",
              "1.27.9-gke.1092000",
              "1.27.8-gke.1067004",
              "1.27.8-gke.1067000",
              "1.27.7-gke.1293000",
              "1.27.7-gke.1121002",
              "1.27.7-gke.1121000",
              "1.27.7-gke.1088000",
              "1.27.7-gke.1056000",
              "1.27.7-gke.1038000",
              "1.27.6-gke.1506000",
              "1.27.6-gke.1445000",
              "1.27.6-gke.1248000",
              "1.27.5-gke.200",
              "1.27.4-gke.900",
              "1.27.3-gke.1700",
              "1.27.3-gke.100",
              "1.27.2-gke.2100",
              "1.27.2-gke.1200"
            ],
            "version_prefix": "1.27."
          },
          "sensitive_attributes": []
        }
      ]
    },
    {
      "mode": "managed",
      "type": "google_compute_network",
      "name": "vpc",
      "provider": "provider[\"registry.terraform.io/hashicorp/google\"]",
      "instances": [
        {
          "schema_version": 0,
          "attributes": {
            "auto_create_subnetworks": false,
            "delete_default_routes_on_create": false,
            "description": "",
            "enable_ula_internal_ipv6": false,
            "gateway_ipv4": "",
            "id": "projects/devops-test-361018/global/networks/devops-test-361018-vpc",
            "internal_ipv6_range": "",
            "mtu": 0,
            "name": "devops-test-361018-vpc",
            "network_firewall_policy_enforcement_order": "AFTER_CLASSIC_FIREWALL",
            "project": "devops-test-361018",
            "routing_mode": "REGIONAL",
            "self_link": "https://www.googleapis.com/compute/v1/projects/devops-test-361018/global/networks/devops-test-361018-vpc",
            "timeouts": null
          },
          "sensitive_attributes": [],
          "private": "eyJlMmJmYjczMC1lY2FhLTExZTYtOGY4OC0zNDM2M2JjN2M0YzAiOnsiY3JlYXRlIjoxMjAwMDAwMDAwMDAwLCJkZWxldGUiOjEyMDAwMDAwMDAwMDAsInVwZGF0ZSI6MTIwMDAwMDAwMDAwMH19"
        }
      ]
    },
    {
      "mode": "managed",
      "type": "google_compute_subnetwork",
      "name": "subnet",
      "provider": "provider[\"registry.terraform.io/hashicorp/google\"]",
      "instances": [
        {
          "schema_version": 0,
          "attributes": {
            "creation_timestamp": "2024-05-14T07:35:49.702-07:00",
            "description": "",
            "external_ipv6_prefix": "",
            "fingerprint": null,
            "gateway_address": "10.10.0.1",
            "id": "projects/devops-test-361018/regions/asia-southeast2/subnetworks/devops-test-361018-subnet",
            "ip_cidr_range": "10.10.0.0/24",
            "ipv6_access_type": "",
            "ipv6_cidr_range": "",
            "log_config": [],
            "name": "devops-test-361018-subnet",
            "network": "https://www.googleapis.com/compute/v1/projects/devops-test-361018/global/networks/devops-test-361018-vpc",
            "private_ip_google_access": false,
            "private_ipv6_google_access": "DISABLE_GOOGLE_ACCESS",
            "project": "devops-test-361018",
            "purpose": "PRIVATE",
            "region": "asia-southeast2",
            "role": "",
            "secondary_ip_range": [],
            "self_link": "https://www.googleapis.com/compute/v1/projects/devops-test-361018/regions/asia-southeast2/subnetworks/devops-test-361018-subnet",
            "stack_type": "IPV4_ONLY",
            "timeouts": null
          },
          "sensitive_attributes": [],
          "private": "eyJlMmJmYjczMC1lY2FhLTExZTYtOGY4OC0zNDM2M2JjN2M0YzAiOnsiY3JlYXRlIjoxMjAwMDAwMDAwMDAwLCJkZWxldGUiOjEyMDAwMDAwMDAwMDAsInVwZGF0ZSI6MTIwMDAwMDAwMDAwMH19",
          "dependencies": [
            "google_compute_network.vpc"
          ]
        }
      ]
    },
    {
      "mode": "managed",
      "type": "google_container_cluster",
      "name": "primary",
      "provider": "provider[\"registry.terraform.io/hashicorp/google\"]",
      "instances": [
        {
          "schema_version": 1,
          "attributes": {
            "addons_config": [
              {
                "cloudrun_config": [],
                "config_connector_config": [],
                "dns_cache_config": [],
                "gce_persistent_disk_csi_driver_config": [
                  {
                    "enabled": true
                  }
                ],
                "gcp_filestore_csi_driver_config": [],
                "gke_backup_agent_config": [],
                "horizontal_pod_autoscaling": [],
                "http_load_balancing": [],
                "network_policy_config": [
                  {
                    "disabled": true
                  }
                ]
              }
            ],
            "authenticator_groups_config": [],
            "binary_authorization": [
              {
                "enabled": false,
                "evaluation_mode": ""
              }
            ],
            "cluster_autoscaling": [
              {
                "auto_provisioning_defaults": [],
                "enabled": false,
                "resource_limits": []
              }
            ],
            "cluster_ipv4_cidr": "10.208.0.0/14",
            "confidential_nodes": [],
            "cost_management_config": [],
            "database_encryption": [
              {
                "key_name": "",
                "state": "DECRYPTED"
              }
            ],
            "datapath_provider": "",
            "default_max_pods_per_node": null,
            "default_snat_status": [
              {
                "disabled": false
              }
            ],
            "description": "",
            "dns_config": [],
            "enable_autopilot": false,
            "enable_binary_authorization": false,
            "enable_intranode_visibility": false,
            "enable_kubernetes_alpha": false,
            "enable_l4_ilb_subsetting": false,
            "enable_legacy_abac": false,
            "enable_shielded_nodes": true,
            "enable_tpu": false,
            "endpoint": "34.101.199.215",
            "gateway_api_config": [],
            "id": "projects/devops-test-361018/locations/asia-southeast2-a/clusters/devops-test-361018-gke",
            "initial_node_count": 1,
            "ip_allocation_policy": [],
            "label_fingerprint": "a9dc16a7",
            "location": "asia-southeast2-a",
            "logging_config": [
              {
                "enable_components": [
                  "SYSTEM_COMPONENTS",
                  "WORKLOADS"
                ]
              }
            ],
            "logging_service": "logging.googleapis.com/kubernetes",
            "maintenance_policy": [],
            "master_auth": [
              {
                "client_certificate": "",
                "client_certificate_config": [
                  {
                    "issue_client_certificate": false
                  }
                ],
                "client_key": "",
                "cluster_ca_certificate": "LS0tLS1CRUdJTiBDRVJUSUZJQ0FURS0tLS0tCk1JSUVMVENDQXBXZ0F3SUJBZ0lSQU0remxDUGVrM0MxaXBUZGV3U0pSU2t3RFFZSktvWklodmNOQVFFTEJRQXcKTHpFdE1Dc0dBMVVFQXhNa1l6WTNNR0l4Tm1JdE5XWmlaUzAwTjJRM0xUbGhObU10TW1abE4yRTJaVEU0TmpKbApNQ0FYRFRJME1EVXhOREV6TXpZeU1Wb1lEekl3TlRRd05UQTNNVFF6TmpJeFdqQXZNUzB3S3dZRFZRUURFeVJqCk5qY3dZakUyWWkwMVptSmxMVFEzWkRjdE9XRTJZeTB5Wm1VM1lUWmxNVGcyTW1Vd2dnR2lNQTBHQ1NxR1NJYjMKRFFFQkFRVUFBNElCandBd2dnR0tBb0lCZ1FDOWNRRzc4ZjA5eGo4SUZDQW52VFZkNjQ5OFNlS2dxQjd5YnNoVAo0aWdjUkdLanI1Ym5tQXo5dmVaSDZZdjMxcmZ2djRNUVIxUC9HVERVRmZiczU3eHFGM1JmZEMxWUo3dDNoOUtwCnI2d0RXdUY2ODJlSkY3OWU1a1FoSjNGZ1A2NjV2WGFhNmtRWnhZVTdwMVJMUENNaHN5emhtd3NNTjFSNkgyK2gKMUxKM0Z4OStGTEozNnNGQmlrUVpNS05EY3ZrbmEvekc1U2ZHVVRBSFZsOThCYkNlU3cxWGc1c1hudDBHcFBlcwozNGlVUVZ3ODBtcE02RGdXY0xWbjBqSjFESHBXdWRjMUhIRVJGUmk1OGxhNWpRSWZjR3dsUjBhNE5SRTVaOFRQCktvZTZ2ZkJWTlhITGg1NjkwRVpnaCtuYThsek5sYkMzMmRQbnliZHB6VitYNU5YYUlkTDAvcFZQcnFRU2xVYVkKeU9EWWVRbjJ1V3NJOHE1c3FkZ1NuUXQreGE4eTRZc0VTcUtzSEhZYmhCNmxLYnU4VTdtWEdlK2FJSTlwUGJjWQpPWFBqTDNxR0RvcXFnL0pQQm05UTI3blBXUTV0OTE1NWdraDNTSXNBRm01WGlVU1ZxVlo4SllrQ0RxWUc4UTdvCkJma1BmRU5EKzMwczM0NmJTS251YzN5b0M4c0NBd0VBQWFOQ01FQXdEZ1lEVlIwUEFRSC9CQVFEQWdJRU1BOEcKQTFVZEV3RUIvd1FGTUFNQkFmOHdIUVlEVlIwT0JCWUVGT0l5YXRkL05Qam4wbnNzQXZsVnh2TDJlZWlwTUEwRwpDU3FHU0liM0RRRUJDd1VBQTRJQmdRQjdRc0JKQWF5T3hnWmdvY2xsbmZXbUFreXlVVzBia21Pb3NGUkhsNzVZCjd3WG1BRVUwTG9wU0F4SWFzOU05My9rRThBMTdCM1dQRFlaVnhxcGM1YmJIMytrd0FkMmw3Unc5MUo0L0lQQXEKNEE1STJBZ0Ryd0ZSY29ad1FGekozbVRjVHFoZndUZnhlckYzb3pueTYxaDRzOTRtblFQN0c2ekhUV1ZUS1YzQwo3QjZxTC80MU9wc3hJSFJycVVjZjVjdnlFRFhGTkpOV2V2T0dIS2V4Q3JCM2haNHBiUGZsSi9pcUY0K3F5SklkCnBkOUVWUDBBNlJKbzRQMmx4NUR3aitXVWRCZ2cza3NDcVlxd2tWejJ1MmU5SktmbDRoN3Vpc2JDV1dndnFac1cKMjlsVUMrd3ZiVzJuVlNFTmkyU0paQURqV0wvbXUrcUlnb2ZEZGx0T3kxdHVDa29GTk1RNGhSL1N3cGNzWXJ3Twpqb0J2SkdiRHpuZzRoRmFTSnc3M1p0NXVQVUdRMlluSXp4ZCtWVUliTVRQNm15clVjbXB2Y3RhSVp5TGhtbExHCks2dWpWUFV6NjNXcVNieVQ3N2RUa0hWcVNFNjNDazB5MEdKdDJsSTJFSGNtVG9OcGYreFluUGxjWjhoOFlBb3MKNmROcHpuQ1dnaU1LMGhNQ2FIWTFQL2s9Ci0tLS0tRU5EIENFUlRJRklDQVRFLS0tLS0K"
              }
            ],
            "master_authorized_networks_config": [],
            "master_version": "1.28.7-gke.1026000",
            "mesh_certificates": [],
            "min_master_version": null,
            "monitoring_config": [
              {
                "enable_components": [
                  "SYSTEM_COMPONENTS"
                ],
                "managed_prometheus": [
                  {
                    "enabled": true
                  }
                ]
              }
            ],
            "monitoring_service": "monitoring.googleapis.com/kubernetes",
            "name": "devops-test-361018-gke",
            "network": "projects/devops-test-361018/global/networks/devops-test-361018-vpc",
            "network_policy": [
              {
                "enabled": false,
                "provider": "PROVIDER_UNSPECIFIED"
              }
            ],
            "networking_mode": "ROUTES",
            "node_config": [],
            "node_locations": [],
            "node_pool": [],
            "node_pool_defaults": [
              {
                "node_config_defaults": [
                  {
                    "logging_variant": "DEFAULT"
                  }
                ]
              }
            ],
            "node_version": "1.28.7-gke.1026000",
            "notification_config": [
              {
                "pubsub": [
                  {
                    "enabled": false,
                    "filter": [],
                    "topic": ""
                  }
                ]
              }
            ],
            "operation": null,
            "private_cluster_config": [
              {
                "enable_private_endpoint": false,
                "enable_private_nodes": false,
                "master_global_access_config": [
                  {
                    "enabled": false
                  }
                ],
                "master_ipv4_cidr_block": "",
                "peering_name": "",
                "private_endpoint": "10.10.0.2",
                "private_endpoint_subnetwork": "",
                "public_endpoint": "34.101.199.215"
              }
            ],
            "private_ipv6_google_access": "",
            "project": "devops-test-361018",
            "release_channel": [
              {
                "channel": "REGULAR"
              }
            ],
            "remove_default_node_pool": true,
            "resource_labels": null,
            "resource_usage_export_config": [],
            "security_posture_config": [
              {
                "mode": "BASIC",
                "vulnerability_mode": "VULNERABILITY_MODE_UNSPECIFIED"
              }
            ],
            "self_link": "https://container.googleapis.com/v1/projects/devops-test-361018/zones/asia-southeast2-a/clusters/devops-test-361018-gke",
            "service_external_ips_config": [
              {
                "enabled": false
              }
            ],
            "services_ipv4_cidr": "10.211.240.0/20",
            "subnetwork": "projects/devops-test-361018/regions/asia-southeast2/subnetworks/devops-test-361018-subnet",
            "timeouts": null,
            "tpu_ipv4_cidr_block": "",
            "vertical_pod_autoscaling": [],
            "workload_identity_config": []
          },
          "sensitive_attributes": [],
          "private": "eyJlMmJmYjczMC1lY2FhLTExZTYtOGY4OC0zNDM2M2JjN2M0YzAiOnsiY3JlYXRlIjoyNDAwMDAwMDAwMDAwLCJkZWxldGUiOjI0MDAwMDAwMDAwMDAsInJlYWQiOjI0MDAwMDAwMDAwMDAsInVwZGF0ZSI6MzYwMDAwMDAwMDAwMH0sInNjaGVtYV92ZXJzaW9uIjoiMSJ9",
          "dependencies": [
            "google_compute_network.vpc",
            "google_compute_subnetwork.subnet"
          ]
        }
      ]
    },
    {
      "mode": "managed",
      "type": "google_container_node_pool",
      "name": "primary_nodes",
      "provider": "provider[\"registry.terraform.io/hashicorp/google\"]",
      "instances": [
        {
          "schema_version": 1,
          "attributes": {
            "autoscaling": [],
            "cluster": "devops-test-361018-gke",
            "id": "projects/devops-test-361018/locations/asia-southeast2-a/clusters/devops-test-361018-gke/nodePools/devops-test-361018-gke",
            "initial_node_count": 1,
            "instance_group_urls": [
              "https://www.googleapis.com/compute/v1/projects/devops-test-361018/zones/asia-southeast2-a/instanceGroupManagers/gke-devops-test-3610-devops-test-3610-ae01534e-grp"
            ],
            "location": "asia-southeast2-a",
            "managed_instance_group_urls": [
              "https://www.googleapis.com/compute/v1/projects/devops-test-361018/zones/asia-southeast2-a/instanceGroups/gke-devops-test-3610-devops-test-3610-ae01534e-grp"
            ],
            "management": [
              {
                "auto_repair": true,
                "auto_upgrade": true
              }
            ],
            "max_pods_per_node": null,
            "name": "devops-test-361018-gke",
            "name_prefix": "",
            "network_config": [
              {
                "create_pod_range": false,
                "enable_private_nodes": false,
                "pod_cidr_overprovision_config": [],
                "pod_ipv4_cidr_block": "",
                "pod_range": ""
              }
            ],
            "node_config": [
              {
                "advanced_machine_features": [],
                "boot_disk_kms_key": "",
                "disk_size_gb": 10,
                "disk_type": "pd-balanced",
                "ephemeral_storage_local_ssd_config": [],
                "gcfs_config": [],
                "guest_accelerator": [],
                "gvnic": [],
                "image_type": "COS_CONTAINERD",
                "kubelet_config": [],
                "labels": {
                  "env": "devops-test-361018"
                },
                "linux_node_config": [],
                "local_nvme_ssd_block_config": [],
                "local_ssd_count": 0,
                "logging_variant": "DEFAULT",
                "machine_type": "e2-small",
                "metadata": {
                  "disable-legacy-endpoints": "true"
                },
                "min_cpu_platform": "",
                "node_group": "",
                "oauth_scopes": [
                  "https://www.googleapis.com/auth/logging.write",
                  "https://www.googleapis.com/auth/monitoring"
                ],
                "preemptible": false,
                "reservation_affinity": [],
                "resource_labels": null,
                "service_account": "default",
                "shielded_instance_config": [
                  {
                    "enable_integrity_monitoring": true,
                    "enable_secure_boot": false
                  }
                ],
                "sole_tenant_config": [],
                "spot": false,
                "tags": [
                  "gke-node",
                  "devops-test-361018-gke"
                ],
                "taint": [],
                "workload_metadata_config": []
              }
            ],
            "node_count": 1,
            "node_locations": [
              "asia-southeast2-a"
            ],
            "operation": null,
            "placement_policy": [],
            "project": "devops-test-361018",
            "timeouts": null,
            "upgrade_settings": [
              {
                "blue_green_settings": [],
                "max_surge": 1,
                "max_unavailable": 0,
                "strategy": "SURGE"
              }
            ],
            "version": "1.27.11-gke.1062003"
          },
          "sensitive_attributes": [],
          "private": "eyJlMmJmYjczMC1lY2FhLTExZTYtOGY4OC0zNDM2M2JjN2M0YzAiOnsiY3JlYXRlIjoxODAwMDAwMDAwMDAwLCJkZWxldGUiOjE4MDAwMDAwMDAwMDAsInVwZGF0ZSI6MTgwMDAwMDAwMDAwMH0sInNjaGVtYV92ZXJzaW9uIjoiMSJ9",
          "dependencies": [
            "data.google_container_engine_versions.gke_version",
            "google_compute_network.vpc",
            "google_compute_subnetwork.subnet",
            "google_container_cluster.primary"
          ]
        }
      ]
    }
  ],
  "check_results": null
}
